
Microsoft Visual Studio Solution File, Format Version 12.00
# Visual Studio Version 17
VisualStudioVersion = 17.11.35222.181
MinimumVisualStudioVersion = 10.0.40219.1
Project("{FAE04EC0-301F-11D3-BF4B-00C04F79EFBC}") = "STUDENT", "STUDENT.csproj", "{9B48D441-899A-40BF-BFE8-6BFA0A41AF43}"
EndProject
Global
	GlobalSection(SolutionConfigurationPlatforms) = preSolution
		Debug|Any CPU = Debug|Any CPU
		Release|Any CPU = Release|Any CPU
	EndGlobalSection
	GlobalSection(ProjectConfigurationPlatforms) = postSolution
		{9B48D441-899A-40BF-BFE8-6BFA0A41AF43}.Debug|Any CPU.ActiveCfg = Debug|Any CPU
		{9B48D441-899A-40BF-BFE8-6BFA0A41AF43}.Debug|Any CPU.Build.0 = Debug|Any CPU
		{9B48D441-899A-40BF-BFE8-6BFA0A41AF43}.Release|Any CPU.ActiveCfg = Release|Any CPU
		{9B48D441-899A-40BF-BFE8-6BFA0A41AF43}.Release|Any CPU.Build.0 = Release|Any CPU
	EndGlobalSection
	GlobalSection(SolutionProperties) = preSolution
		HideSolutionNode = FALSE
	EndGlobalSection
	GlobalSection(ExtensibilityGlobals) = postSolution
		SolutionGuid = {5F9B99B8-7C1D-4EE5-83D5-D448F12DD4D6}
	EndGlobalSection
EndGlobal
